// !$*UTF8*$!
{
	archiveVersion = 1;
	classes = {
	};
	objectVersion = 50;
	objects = {

/* Begin PBXBuildFile section */
		000DA2062280776E00EBA027 /* MusicBackgroundViewController.swift in Sources */ = {isa = PBXBuildFile; fileRef = 000DA2052280776E00EBA027 /* MusicBackgroundViewController.swift */; };
		000DA20922807DD100EBA027 /* AudioToolbox.framework in Frameworks */ = {isa = PBXBuildFile; fileRef = 000DA20822807DD100EBA027 /* AudioToolbox.framework */; };
		00542A8422809EF300E571A4 /* sound rotated gesture.aiff in Resources */ = {isa = PBXBuildFile; fileRef = 00542A8222809EF300E571A4 /* sound rotated gesture.aiff */; };
		00542A8522809EF300E571A4 /* spinning image rotated.wav in Resources */ = {isa = PBXBuildFile; fileRef = 00542A8322809EF300E571A4 /* spinning image rotated.wav */; };
		00542A8722809EF800E571A4 /* earth quake.wav in Resources */ = {isa = PBXBuildFile; fileRef = 00542A8622809EF800E571A4 /* earth quake.wav */; };
		00542A8922809F4000E571A4 /* soundBackground.mp3 in Resources */ = {isa = PBXBuildFile; fileRef = 00542A8822809F4000E571A4 /* soundBackground.mp3 */; };
		3E29B607226F6A0600BD0C19 /* CollectionViewControllerColors.swift in Sources */ = {isa = PBXBuildFile; fileRef = 3E29B606226F6A0600BD0C19 /* CollectionViewControllerColors.swift */; };
		3E2C4B70226F5D0B0029BD6B /* ColorView.swift in Sources */ = {isa = PBXBuildFile; fileRef = 3E2C4B6F226F5D0B0029BD6B /* ColorView.swift */; };
		3E2C4B72226F65630029BD6B /* CollectionViewCellColor.swift in Sources */ = {isa = PBXBuildFile; fileRef = 3E2C4B71226F65630029BD6B /* CollectionViewCellColor.swift */; };
		3E4CAA20226F116200D51FD8 /* AppDelegate.swift in Sources */ = {isa = PBXBuildFile; fileRef = 3E4CAA1F226F116200D51FD8 /* AppDelegate.swift */; };
		3E4CAA22226F116200D51FD8 /* ViewControllerDrawLines.swift in Sources */ = {isa = PBXBuildFile; fileRef = 3E4CAA21226F116200D51FD8 /* ViewControllerDrawLines.swift */; };
		3E4CAA25226F116200D51FD8 /* Main.storyboard in Resources */ = {isa = PBXBuildFile; fileRef = 3E4CAA23226F116200D51FD8 /* Main.storyboard */; };
		3E4CAA27226F116300D51FD8 /* Assets.xcassets in Resources */ = {isa = PBXBuildFile; fileRef = 3E4CAA26226F116300D51FD8 /* Assets.xcassets */; };
		3E4CAA2A226F116300D51FD8 /* LaunchScreen.storyboard in Resources */ = {isa = PBXBuildFile; fileRef = 3E4CAA28226F116300D51FD8 /* LaunchScreen.storyboard */; };
/* End PBXBuildFile section */

/* Begin PBXFileReference section */
		000DA2052280776E00EBA027 /* MusicBackgroundViewController.swift */ = {isa = PBXFileReference; lastKnownFileType = sourcecode.swift; path = MusicBackgroundViewController.swift; sourceTree = "<group>"; };
		000DA20822807DD100EBA027 /* AudioToolbox.framework */ = {isa = PBXFileReference; lastKnownFileType = wrapper.framework; name = AudioToolbox.framework; path = System/Library/Frameworks/AudioToolbox.framework; sourceTree = SDKROOT; };
		00542A8222809EF300E571A4 /* sound rotated gesture.aiff */ = {isa = PBXFileReference; lastKnownFileType = audio.aiff; name = "sound rotated gesture.aiff"; path = "../../sound rotated gesture.aiff"; sourceTree = "<group>"; };
		00542A8322809EF300E571A4 /* spinning image rotated.wav */ = {isa = PBXFileReference; lastKnownFileType = audio.wav; name = "spinning image rotated.wav"; path = "../../spinning image rotated.wav"; sourceTree = "<group>"; };
		00542A8622809EF800E571A4 /* earth quake.wav */ = {isa = PBXFileReference; lastKnownFileType = audio.wav; name = "earth quake.wav"; path = "../../earth quake.wav"; sourceTree = "<group>"; };
		00542A8822809F4000E571A4 /* soundBackground.mp3 */ = {isa = PBXFileReference; lastKnownFileType = audio.mp3; name = soundBackground.mp3; path = ../../soundBackground.mp3; sourceTree = "<group>"; };
		3E29B606226F6A0600BD0C19 /* CollectionViewControllerColors.swift */ = {isa = PBXFileReference; lastKnownFileType = sourcecode.swift; path = CollectionViewControllerColors.swift; sourceTree = "<group>"; };
		3E2C4B6F226F5D0B0029BD6B /* ColorView.swift */ = {isa = PBXFileReference; lastKnownFileType = sourcecode.swift; path = ColorView.swift; sourceTree = "<group>"; };
		3E2C4B71226F65630029BD6B /* CollectionViewCellColor.swift */ = {isa = PBXFileReference; lastKnownFileType = sourcecode.swift; path = CollectionViewCellColor.swift; sourceTree = "<group>"; };
		3E4CAA1C226F116200D51FD8 /* Practica-UF2.app */ = {isa = PBXFileReference; explicitFileType = wrapper.application; includeInIndex = 0; path = "Practica-UF2.app"; sourceTree = BUILT_PRODUCTS_DIR; };
		3E4CAA1F226F116200D51FD8 /* AppDelegate.swift */ = {isa = PBXFileReference; lastKnownFileType = sourcecode.swift; path = AppDelegate.swift; sourceTree = "<group>"; };
		3E4CAA21226F116200D51FD8 /* ViewControllerDrawLines.swift */ = {isa = PBXFileReference; lastKnownFileType = sourcecode.swift; path = ViewControllerDrawLines.swift; sourceTree = "<group>"; };
		3E4CAA24226F116200D51FD8 /* Base */ = {isa = PBXFileReference; lastKnownFileType = file.storyboard; name = Base; path = Base.lproj/Main.storyboard; sourceTree = "<group>"; };
		3E4CAA26226F116300D51FD8 /* Assets.xcassets */ = {isa = PBXFileReference; lastKnownFileType = folder.assetcatalog; path = Assets.xcassets; sourceTree = "<group>"; };
		3E4CAA29226F116300D51FD8 /* Base */ = {isa = PBXFileReference; lastKnownFileType = file.storyboard; name = Base; path = Base.lproj/LaunchScreen.storyboard; sourceTree = "<group>"; };
		3E4CAA2B226F116300D51FD8 /* Info.plist */ = {isa = PBXFileReference; lastKnownFileType = text.plist.xml; path = Info.plist; sourceTree = "<group>"; };
/* End PBXFileReference section */

/* Begin PBXFrameworksBuildPhase section */
		3E4CAA19226F116200D51FD8 /* Frameworks */ = {
			isa = PBXFrameworksBuildPhase;
			buildActionMask = 2147483647;
			files = (
				000DA20922807DD100EBA027 /* AudioToolbox.framework in Frameworks */,
			);
			runOnlyForDeploymentPostprocessing = 0;
		};
/* End PBXFrameworksBuildPhase section */

/* Begin PBXGroup section */
		000DA20722807DD000EBA027 /* Frameworks */ = {
			isa = PBXGroup;
			children = (
				000DA20822807DD100EBA027 /* AudioToolbox.framework */,
			);
			name = Frameworks;
			sourceTree = "<group>";
		};
		3E4CAA13226F116200D51FD8 = {
			isa = PBXGroup;
			children = (
				3E4CAA1E226F116200D51FD8 /* Practica-UF2 */,
				3E4CAA1D226F116200D51FD8 /* Products */,
				000DA20722807DD000EBA027 /* Frameworks */,
			);
			sourceTree = "<group>";
		};
		3E4CAA1D226F116200D51FD8 /* Products */ = {
			isa = PBXGroup;
			children = (
				3E4CAA1C226F116200D51FD8 /* Practica-UF2.app */,
			);
			name = Products;
			sourceTree = "<group>";
		};
		3E4CAA1E226F116200D51FD8 /* Practica-UF2 */ = {
			isa = PBXGroup;
			children = (
				00542A8622809EF800E571A4 /* earth quake.wav */,
				00542A8822809F4000E571A4 /* soundBackground.mp3 */,
				00542A8222809EF300E571A4 /* sound rotated gesture.aiff */,
				00542A8322809EF300E571A4 /* spinning image rotated.wav */,
				3E4CAA1F226F116200D51FD8 /* AppDelegate.swift */,
				3E4CAA21226F116200D51FD8 /* ViewControllerDrawLines.swift */,
				3E4CAA23226F116200D51FD8 /* Main.storyboard */,
				3E4CAA26226F116300D51FD8 /* Assets.xcassets */,
				3E4CAA28226F116300D51FD8 /* LaunchScreen.storyboard */,
				3E4CAA2B226F116300D51FD8 /* Info.plist */,
				3E2C4B71226F65630029BD6B /* CollectionViewCellColor.swift */,
				3E2C4B6F226F5D0B0029BD6B /* ColorView.swift */,
				3E29B606226F6A0600BD0C19 /* CollectionViewControllerColors.swift */,
				000DA2052280776E00EBA027 /* MusicBackgroundViewController.swift */,
			);
			path = "Practica-UF2";
			sourceTree = "<group>";
		};
/* End PBXGroup section */

/* Begin PBXNativeTarget section */
		3E4CAA1B226F116200D51FD8 /* Practica-UF2 */ = {
			isa = PBXNativeTarget;
			buildConfigurationList = 3E4CAA2E226F116300D51FD8 /* Build configuration list for PBXNativeTarget "Practica-UF2" */;
			buildPhases = (
				3E4CAA18226F116200D51FD8 /* Sources */,
				3E4CAA19226F116200D51FD8 /* Frameworks */,
				3E4CAA1A226F116200D51FD8 /* Resources */,
			);
			buildRules = (
			);
			dependencies = (
			);
			name = "Practica-UF2";
			productName = "Practica-UF2";
			productReference = 3E4CAA1C226F116200D51FD8 /* Practica-UF2.app */;
			productType = "com.apple.product-type.application";
		};
/* End PBXNativeTarget section */

/* Begin PBXProject section */
		3E4CAA14226F116200D51FD8 /* Project object */ = {
			isa = PBXProject;
			attributes = {
				LastSwiftUpdateCheck = 1020;
				LastUpgradeCheck = 1020;
				ORGANIZATIONNAME = "Pablo Nuñez y Pol Piedra";
				TargetAttributes = {
					3E4CAA1B226F116200D51FD8 = {
						CreatedOnToolsVersion = 10.2.1;
					};
				};
			};
			buildConfigurationList = 3E4CAA17226F116200D51FD8 /* Build configuration list for PBXProject "Practica-UF2" */;
			compatibilityVersion = "Xcode 9.3";
			developmentRegion = en;
			hasScannedForEncodings = 0;
			knownRegions = (
				en,
				Base,
			);
			mainGroup = 3E4CAA13226F116200D51FD8;
			productRefGroup = 3E4CAA1D226F116200D51FD8 /* Products */;
			projectDirPath = "";
			projectRoot = "";
			targets = (
				3E4CAA1B226F116200D51FD8 /* Practica-UF2 */,
			);
		};
/* End PBXProject section */

/* Begin PBXResourcesBuildPhase section */
		3E4CAA1A226F116200D51FD8 /* Resources */ = {
			isa = PBXResourcesBuildPhase;
			buildActionMask = 2147483647;
			files = (
				3E4CAA2A226F116300D51FD8 /* LaunchScreen.storyboard in Resources */,
				00542A8422809EF300E571A4 /* sound rotated gesture.aiff in Resources */,
				00542A8722809EF800E571A4 /* earth quake.wav in Resources */,
				3E4CAA27226F116300D51FD8 /* Assets.xcassets in Resources */,
				00542A8922809F4000E571A4 /* soundBackground.mp3 in Resources */,
				3E4CAA25226F116200D51FD8 /* Main.storyboard in Resources */,
				00542A8522809EF300E571A4 /* spinning image rotated.wav in Resources */,
			);
			runOnlyForDeploymentPostprocessing = 0;
		};
/* End PBXResourcesBuildPhase section */

/* Begin PBXSourcesBuildPhase section */
		3E4CAA18226F116200D51FD8 /* Sources */ = {
			isa = PBXSourcesBuildPhase;
			buildActionMask = 2147483647;
			files = (
				3E29B607226F6A0600BD0C19 /* CollectionViewControllerColors.swift in Sources */,
				3E4CAA22226F116200D51FD8 /* ViewControllerDrawLines.swift in Sources */,
				000DA2062280776E00EBA027 /* MusicBackgroundViewController.swift in Sources */,
				3E4CAA20226F116200D51FD8 /* AppDelegate.swift in Sources */,
				3E2C4B72226F65630029BD6B /* CollectionViewCellColor.swift in Sources */,
				3E2C4B70226F5D0B0029BD6B /* ColorView.swift in Sources */,
			);
			runOnlyForDeploymentPostprocessing = 0;
		};
/* End PBXSourcesBuildPhase section */

/* Begin PBXVariantGroup section */
		3E4CAA23226F116200D51FD8 /* Main.storyboard */ = {
			isa = PBXVariantGroup;
			children = (
				3E4CAA24226F116200D51FD8 /* Base */,
			);
			name = Main.storyboard;
			sourceTree = "<group>";
		};
		3E4CAA28226F116300D51FD8 /* LaunchScreen.storyboard */ = {
			isa = PBXVariantGroup;
			children = (
				3E4CAA29226F116300D51FD8 /* Base */,
			);
			name = LaunchScreen.storyboard;
			sourceTree = "<group>";
		};
/* End PBXVariantGroup section */

/* Begin XCBuildConfiguration section */
		3E4CAA2C226F116300D51FD8 /* Debug */ = {
			isa = XCBuildConfiguration;
			buildSettings = {
				ALWAYS_SEARCH_USER_PATHS = NO;
				CLANG_ANALYZER_NONNULL = YES;
				CLANG_ANALYZER_NUMBER_OBJECT_CONVERSION = YES_AGGRESSIVE;
				CLANG_CXX_LANGUAGE_STANDARD = "gnu++14";
				CLANG_CXX_LIBRARY = "libc++";
				CLANG_ENABLE_MODULES = YES;
				CLANG_ENABLE_OBJC_ARC = YES;
				CLANG_ENABLE_OBJC_WEAK = YES;
				CLANG_WARN_BLOCK_CAPTURE_AUTORELEASING = YES;
				CLANG_WARN_BOOL_CONVERSION = YES;
				CLANG_WARN_COMMA = YES;
				CLANG_WARN_CONSTANT_CONVERSION = YES;
				CLANG_WARN_DEPRECATED_OBJC_IMPLEMENTATIONS = YES;
				CLANG_WARN_DIRECT_OBJC_ISA_USAGE = YES_ERROR;
				CLANG_WARN_DOCUMENTATION_COMMENTS = YES;
				CLANG_WARN_EMPTY_BODY = YES;
				CLANG_WARN_ENUM_CONVERSION = YES;
				CLANG_WARN_INFINITE_RECURSION = YES;
				CLANG_WARN_INT_CONVERSION = YES;
				CLANG_WARN_NON_LITERAL_NULL_CONVERSION = YES;
				CLANG_WARN_OBJC_IMPLICIT_RETAIN_SELF = YES;
				CLANG_WARN_OBJC_LITERAL_CONVERSION = YES;
				CLANG_WARN_OBJC_ROOT_CLASS = YES_ERROR;
				CLANG_WARN_RANGE_LOOP_ANALYSIS = YES;
				CLANG_WARN_STRICT_PROTOTYPES = YES;
				CLANG_WARN_SUSPICIOUS_MOVE = YES;
				CLANG_WARN_UNGUARDED_AVAILABILITY = YES_AGGRESSIVE;
				CLANG_WARN_UNREACHABLE_CODE = YES;
				CLANG_WARN__DUPLICATE_METHOD_MATCH = YES;
				CODE_SIGN_IDENTITY = "iPhone Developer";
				COPY_PHASE_STRIP = NO;
				DEBUG_INFORMATION_FORMAT = dwarf;
				ENABLE_STRICT_OBJC_MSGSEND = YES;
				ENABLE_TESTABILITY = YES;
				GCC_C_LANGUAGE_STANDARD = gnu11;
				GCC_DYNAMIC_NO_PIC = NO;
				GCC_NO_COMMON_BLOCKS = YES;
				GCC_OPTIMIZATION_LEVEL = 0;
				GCC_PREPROCESSOR_DEFINITIONS = (
					"DEBUG=1",
					"$(inherited)",
				);
				GCC_WARN_64_TO_32_BIT_CONVERSION = YES;
				GCC_WARN_ABOUT_RETURN_TYPE = YES_ERROR;
				GCC_WARN_UNDECLARED_SELECTOR = YES;
				GCC_WARN_UNINITIALIZED_AUTOS = YES_AGGRESSIVE;
				GCC_WARN_UNUSED_FUNCTION = YES;
				GCC_WARN_UNUSED_VARIABLE = YES;
				IPHONEOS_DEPLOYMENT_TARGET = 12.2;
				MTL_ENABLE_DEBUG_INFO = INCLUDE_SOURCE;
				MTL_FAST_MATH = YES;
				ONLY_ACTIVE_ARCH = YES;
				SDKROOT = iphoneos;
				SWIFT_ACTIVE_COMPILATION_CONDITIONS = DEBUG;
				SWIFT_OPTIMIZATION_LEVEL = "-Onone";
			};
			name = Debug;
		};
		3E4CAA2D226F116300D51FD8 /* Release */ = {
			isa = XCBuildConfiguration;
			buildSettings = {
				ALWAYS_SEARCH_USER_PATHS = NO;
				CLANG_ANALYZER_NONNULL = YES;
				CLANG_ANALYZER_NUMBER_OBJECT_CONVERSION = YES_AGGRESSIVE;
				CLANG_CXX_LANGUAGE_STANDARD = "gnu++14";
				CLANG_CXX_LIBRARY = "libc++";
				CLANG_ENABLE_MODULES = YES;
				CLANG_ENABLE_OBJC_ARC = YES;
				CLANG_ENABLE_OBJC_WEAK = YES;
				CLANG_WARN_BLOCK_CAPTURE_AUTORELEASING = YES;
				CLANG_WARN_BOOL_CONVERSION = YES;
				CLANG_WARN_COMMA = YES;
				CLANG_WARN_CONSTANT_CONVERSION = YES;
				CLANG_WARN_DEPRECATED_OBJC_IMPLEMENTATIONS = YES;
				CLANG_WARN_DIRECT_OBJC_ISA_USAGE = YES_ERROR;
				CLANG_WARN_DOCUMENTATION_COMMENTS = YES;
				CLANG_WARN_EMPTY_BODY = YES;
				CLANG_WARN_ENUM_CONVERSION = YES;
				CLANG_WARN_INFINITE_RECURSION = YES;
				CLANG_WARN_INT_CONVERSION = YES;
				CLANG_WARN_NON_LITERAL_NULL_CONVERSION = YES;
				CLANG_WARN_OBJC_IMPLICIT_RETAIN_SELF = YES;
				CLANG_WARN_OBJC_LITERAL_CONVERSION = YES;
				CLANG_WARN_OBJC_ROOT_CLASS = YES_ERROR;
				CLANG_WARN_RANGE_LOOP_ANALYSIS = YES;
				CLANG_WARN_STRICT_PROTOTYPES = YES;
				CLANG_WARN_SUSPICIOUS_MOVE = YES;
				CLANG_WARN_UNGUARDED_AVAILABILITY = YES_AGGRESSIVE;
				CLANG_WARN_UNREACHABLE_CODE = YES;
				CLANG_WARN__DUPLICATE_METHOD_MATCH = YES;
				CODE_SIGN_IDENTITY = "iPhone Developer";
				COPY_PHASE_STRIP = NO;
				DEBUG_INFORMATION_FORMAT = "dwarf-with-dsym";
				ENABLE_NS_ASSERTIONS = NO;
				ENABLE_STRICT_OBJC_MSGSEND = YES;
				GCC_C_LANGUAGE_STANDARD = gnu11;
				GCC_NO_COMMON_BLOCKS = YES;
				GCC_WARN_64_TO_32_BIT_CONVERSION = YES;
				GCC_WARN_ABOUT_RETURN_TYPE = YES_ERROR;
				GCC_WARN_UNDECLARED_SELECTOR = YES;
				GCC_WARN_UNINITIALIZED_AUTOS = YES_AGGRESSIVE;
				GCC_WARN_UNUSED_FUNCTION = YES;
				GCC_WARN_UNUSED_VARIABLE = YES;
				IPHONEOS_DEPLOYMENT_TARGET = 12.2;
				MTL_ENABLE_DEBUG_INFO = NO;
				MTL_FAST_MATH = YES;
				SDKROOT = iphoneos;
				SWIFT_COMPILATION_MODE = wholemodule;
				SWIFT_OPTIMIZATION_LEVEL = "-O";
				VALIDATE_PRODUCT = YES;
			};
			name = Release;
		};
		3E4CAA2F226F116300D51FD8 /* Debug */ = {
			isa = XCBuildConfiguration;
			buildSettings = {
				ASSETCATALOG_COMPILER_APPICON_NAME = AppIcon;
				CODE_SIGN_STYLE = Automatic;
				INFOPLIST_FILE = "Practica-UF2/Info.plist";
				LD_RUNPATH_SEARCH_PATHS = (
					"$(inherited)",
					"@executable_path/Frameworks",
				);
				PRODUCT_BUNDLE_IDENTIFIER = "pablo-pol.Practica-UF2";
				PRODUCT_NAME = "$(TARGET_NAME)";
				SWIFT_VERSION = 5.0;
				TARGETED_DEVICE_FAMILY = "1,2";
			};
			name = Debug;
		};
		3E4CAA30226F116300D51FD8 /* Release */ = {
			isa = XCBuildConfiguration;
			buildSettings = {
				ASSETCATALOG_COMPILER_APPICON_NAME = AppIcon;
				CODE_SIGN_STYLE = Automatic;
				INFOPLIST_FILE = "Practica-UF2/Info.plist";
				LD_RUNPATH_SEARCH_PATHS = (
					"$(inherited)",
					"@executable_path/Frameworks",
				);
				PRODUCT_BUNDLE_IDENTIFIER = "pablo-pol.Practica-UF2";
				PRODUCT_NAME = "$(TARGET_NAME)";
				SWIFT_VERSION = 5.0;
				TARGETED_DEVICE_FAMILY = "1,2";
			};
			name = Release;
		};
/* End XCBuildConfiguration section */

/* Begin XCConfigurationList section */
		3E4CAA17226F116200D51FD8 /* Build configuration list for PBXProject "Practica-UF2" */ = {
			isa = XCConfigurationList;
			buildConfigurations = (
				3E4CAA2C226F116300D51FD8 /* Debug */,
				3E4CAA2D226F116300D51FD8 /* Release */,
			);
			defaultConfigurationIsVisible = 0;
			defaultConfigurationName = Release;
		};
		3E4CAA2E226F116300D51FD8 /* Build configuration list for PBXNativeTarget "Practica-UF2" */ = {
			isa = XCConfigurationList;
			buildConfigurations = (
				3E4CAA2F226F116300D51FD8 /* Debug */,
				3E4CAA30226F116300D51FD8 /* Release */,
			);
			defaultConfigurationIsVisible = 0;
			defaultConfigurationName = Release;
		};
/* End XCConfigurationList section */
	};
	rootObject = 3E4CAA14226F116200D51FD8 /* Project object */;
}
